
Microsoft Visual Studio Solution File, Format Version 12.00
# Visual Studio Version 17
VisualStudioVersion = 17.14.36401.2 d17.14
MinimumVisualStudioVersion = 10.0.40219.1
Project("{FAE04EC0-301F-11D3-BF4B-00C04F79EFBC}") = "25.Matrices", "25.Matrices\25.Matrices.csproj", "{2F98DA59-FCCD-48FB-B27B-F1EE0135F101}"
EndProject
Global
	GlobalSection(SolutionConfigurationPlatforms) = preSolution
		Debug|Any CPU = Debug|Any CPU
		Release|Any CPU = Release|Any CPU
	EndGlobalSection
	GlobalSection(ProjectConfigurationPlatforms) = postSolution
		{2F98DA59-FCCD-48FB-B27B-F1EE0135F101}.Debug|Any CPU.ActiveCfg = Debug|Any CPU
		{2F98DA59-FCCD-48FB-B27B-F1EE0135F101}.Debug|Any CPU.Build.0 = Debug|Any CPU
		{2F98DA59-FCCD-48FB-B27B-F1EE0135F101}.Release|Any CPU.ActiveCfg = Release|Any CPU
		{2F98DA59-FCCD-48FB-B27B-F1EE0135F101}.Release|Any CPU.Build.0 = Release|Any CPU
	EndGlobalSection
	GlobalSection(SolutionProperties) = preSolution
		HideSolutionNode = FALSE
	EndGlobalSection
	GlobalSection(ExtensibilityGlobals) = postSolution
		SolutionGuid = {461E181E-3137-4F45-85F6-14E399796406}
	EndGlobalSection
EndGlobal
