
Microsoft Visual Studio Solution File, Format Version 12.00
# Visual Studio Version 17
VisualStudioVersion = 17.11.35327.3
MinimumVisualStudioVersion = 10.0.40219.1
Project("{FAE04EC0-301F-11D3-BF4B-00C04F79EFBC}") = "2.Operadores", "2.Operadores\2.Operadores.csproj", "{F5107582-4F28-4B6C-96FC-963C88B081F0}"
EndProject
Global
	GlobalSection(SolutionConfigurationPlatforms) = preSolution
		Debug|Any CPU = Debug|Any CPU
		Release|Any CPU = Release|Any CPU
	EndGlobalSection
	GlobalSection(ProjectConfigurationPlatforms) = postSolution
		{F5107582-4F28-4B6C-96FC-963C88B081F0}.Debug|Any CPU.ActiveCfg = Debug|Any CPU
		{F5107582-4F28-4B6C-96FC-963C88B081F0}.Debug|Any CPU.Build.0 = Debug|Any CPU
		{F5107582-4F28-4B6C-96FC-963C88B081F0}.Release|Any CPU.ActiveCfg = Release|Any CPU
		{F5107582-4F28-4B6C-96FC-963C88B081F0}.Release|Any CPU.Build.0 = Release|Any CPU
	EndGlobalSection
	GlobalSection(SolutionProperties) = preSolution
		HideSolutionNode = FALSE
	EndGlobalSection
	GlobalSection(ExtensibilityGlobals) = postSolution
		SolutionGuid = {8C123EDC-7B9A-43A8-B07D-95FD5703BBE1}
	EndGlobalSection
EndGlobal
