
Microsoft Visual Studio Solution File, Format Version 12.00
# Visual Studio Version 17
VisualStudioVersion = 17.14.36401.2 d17.14
MinimumVisualStudioVersion = 10.0.40219.1
Project("{FAE04EC0-301F-11D3-BF4B-00C04F79EFBC}") = "23.Vectores", "23.Vectores\23.Vectores.csproj", "{583A8ACC-CE9E-4D23-81F7-DC185CF6A42A}"
EndProject
Global
	GlobalSection(SolutionConfigurationPlatforms) = preSolution
		Debug|Any CPU = Debug|Any CPU
		Release|Any CPU = Release|Any CPU
	EndGlobalSection
	GlobalSection(ProjectConfigurationPlatforms) = postSolution
		{583A8ACC-CE9E-4D23-81F7-DC185CF6A42A}.Debug|Any CPU.ActiveCfg = Debug|Any CPU
		{583A8ACC-CE9E-4D23-81F7-DC185CF6A42A}.Debug|Any CPU.Build.0 = Debug|Any CPU
		{583A8ACC-CE9E-4D23-81F7-DC185CF6A42A}.Release|Any CPU.ActiveCfg = Release|Any CPU
		{583A8ACC-CE9E-4D23-81F7-DC185CF6A42A}.Release|Any CPU.Build.0 = Release|Any CPU
	EndGlobalSection
	GlobalSection(SolutionProperties) = preSolution
		HideSolutionNode = FALSE
	EndGlobalSection
	GlobalSection(ExtensibilityGlobals) = postSolution
		SolutionGuid = {D1E0CFA9-8FFF-4DD9-8C10-F9D17C297CC8}
	EndGlobalSection
EndGlobal
