
Microsoft Visual Studio Solution File, Format Version 12.00
# Visual Studio Version 17
VisualStudioVersion = 17.14.36401.2 d17.14
MinimumVisualStudioVersion = 10.0.40219.1
Project("{FAE04EC0-301F-11D3-BF4B-00C04F79EFBC}") = "29.Modular", "29.Modular\29.Modular.csproj", "{BF07A8F6-A0A5-459B-A479-7456EFD48A74}"
EndProject
Global
	GlobalSection(SolutionConfigurationPlatforms) = preSolution
		Debug|Any CPU = Debug|Any CPU
		Release|Any CPU = Release|Any CPU
	EndGlobalSection
	GlobalSection(ProjectConfigurationPlatforms) = postSolution
		{BF07A8F6-A0A5-459B-A479-7456EFD48A74}.Debug|Any CPU.ActiveCfg = Debug|Any CPU
		{BF07A8F6-A0A5-459B-A479-7456EFD48A74}.Debug|Any CPU.Build.0 = Debug|Any CPU
		{BF07A8F6-A0A5-459B-A479-7456EFD48A74}.Release|Any CPU.ActiveCfg = Release|Any CPU
		{BF07A8F6-A0A5-459B-A479-7456EFD48A74}.Release|Any CPU.Build.0 = Release|Any CPU
	EndGlobalSection
	GlobalSection(SolutionProperties) = preSolution
		HideSolutionNode = FALSE
	EndGlobalSection
	GlobalSection(ExtensibilityGlobals) = postSolution
		SolutionGuid = {2BCB15A7-A00E-4264-8990-AAEAA2F06207}
	EndGlobalSection
EndGlobal
