
Microsoft Visual Studio Solution File, Format Version 12.00
# Visual Studio Version 17
VisualStudioVersion = 17.14.36401.2 d17.14
MinimumVisualStudioVersion = 10.0.40219.1
Project("{FAE04EC0-301F-11D3-BF4B-00C04F79EFBC}") = "20.DoWhile", "20.DoWhile\20.DoWhile.csproj", "{841D300D-503F-4DD2-B3D4-9D8BB126C1DA}"
EndProject
Global
	GlobalSection(SolutionConfigurationPlatforms) = preSolution
		Debug|Any CPU = Debug|Any CPU
		Release|Any CPU = Release|Any CPU
	EndGlobalSection
	GlobalSection(ProjectConfigurationPlatforms) = postSolution
		{841D300D-503F-4DD2-B3D4-9D8BB126C1DA}.Debug|Any CPU.ActiveCfg = Debug|Any CPU
		{841D300D-503F-4DD2-B3D4-9D8BB126C1DA}.Debug|Any CPU.Build.0 = Debug|Any CPU
		{841D300D-503F-4DD2-B3D4-9D8BB126C1DA}.Release|Any CPU.ActiveCfg = Release|Any CPU
		{841D300D-503F-4DD2-B3D4-9D8BB126C1DA}.Release|Any CPU.Build.0 = Release|Any CPU
	EndGlobalSection
	GlobalSection(SolutionProperties) = preSolution
		HideSolutionNode = FALSE
	EndGlobalSection
	GlobalSection(ExtensibilityGlobals) = postSolution
		SolutionGuid = {D3668479-78B7-49C9-9404-1226CA08FB89}
	EndGlobalSection
EndGlobal
